// !$*UTF8*$!
{
	archiveVersion = 1;
	classes = {
	};
	objectVersion = 48;
	objects = {

/* Begin PBXBuildFile section */
		4F4C08201DE9EF10001C6969 /* Media.xcassets in Resources */ = {isa = PBXBuildFile; fileRef = 4F4C081F1DE9EF10001C6969 /* Media.xcassets */; };
		4F578F2D1DD7A61500252331 /* OverviewCell.swift in Sources */ = {isa = PBXBuildFile; fileRef = 4F578F2C1DD7A61500252331 /* OverviewCell.swift */; };
		4F94ADFD1DF0CBBA00DA3104 /* LICENSE in Resources */ = {isa = PBXBuildFile; fileRef = 4F94ADFC1DF0CBBA00DA3104 /* LICENSE */; };
		4F94ADFF1DF0CBC200DA3104 /* README.md in Sources */ = {isa = PBXBuildFile; fileRef = 4F94ADFE1DF0CBC200DA3104 /* README.md */; };
		4FA1D3481DE1E84200C60391 /* SettingsController.swift in Sources */ = {isa = PBXBuildFile; fileRef = 4FA1D3471DE1E84200C60391 /* SettingsController.swift */; };
		4FD22DC11DCFC19B000AF38A /* CollectionViewController.swift in Sources */ = {isa = PBXBuildFile; fileRef = 4FD22DC01DCFC19B000AF38A /* CollectionViewController.swift */; };
		4FF09F2E1DDCCF6500B84A41 /* DetailController.swift in Sources */ = {isa = PBXBuildFile; fileRef = 4FF09F2D1DDCCF6500B84A41 /* DetailController.swift */; };
		4FFDE34F1DBB954200CC0435 /* AppDelegate.swift in Sources */ = {isa = PBXBuildFile; fileRef = 4FFDE34E1DBB954200CC0435 /* AppDelegate.swift */; };
		4FFDE3561DBB954200CC0435 /* Main.storyboard in Resources */ = {isa = PBXBuildFile; fileRef = 4FFDE3541DBB954200CC0435 /* Main.storyboard */; };
		4FFDE3581DBB954200CC0435 /* Assets.xcassets in Resources */ = {isa = PBXBuildFile; fileRef = 4FFDE3571DBB954200CC0435 /* Assets.xcassets */; };
/* End PBXBuildFile section */

/* Begin PBXFileReference section */
		4F4C081F1DE9EF10001C6969 /* Media.xcassets */ = {isa = PBXFileReference; lastKnownFileType = folder.assetcatalog; path = Media.xcassets; sourceTree = "<group>"; };
		4F578F2C1DD7A61500252331 /* OverviewCell.swift */ = {isa = PBXFileReference; fileEncoding = 4; lastKnownFileType = sourcecode.swift; path = OverviewCell.swift; sourceTree = "<group>"; };
		4F94ADFC1DF0CBBA00DA3104 /* LICENSE */ = {isa = PBXFileReference; fileEncoding = 4; lastKnownFileType = text; path = LICENSE; sourceTree = "<group>"; };
		4F94ADFE1DF0CBC200DA3104 /* README.md */ = {isa = PBXFileReference; fileEncoding = 4; lastKnownFileType = net.daringfireball.markdown; path = README.md; sourceTree = "<group>"; };
		4FA1D3471DE1E84200C60391 /* SettingsController.swift */ = {isa = PBXFileReference; fileEncoding = 4; lastKnownFileType = sourcecode.swift; path = SettingsController.swift; sourceTree = "<group>"; };
		4FD22DC01DCFC19B000AF38A /* CollectionViewController.swift */ = {isa = PBXFileReference; fileEncoding = 4; lastKnownFileType = sourcecode.swift; path = CollectionViewController.swift; sourceTree = "<group>"; };
		4FF09F2D1DDCCF6500B84A41 /* DetailController.swift */ = {isa = PBXFileReference; fileEncoding = 4; lastKnownFileType = sourcecode.swift; path = DetailController.swift; sourceTree = "<group>"; };
		4FFDE34B1DBB954200CC0435 /* newfoto.app */ = {isa = PBXFileReference; explicitFileType = wrapper.application; includeInIndex = 0; path = newfoto.app; sourceTree = BUILT_PRODUCTS_DIR; };
		4FFDE34E1DBB954200CC0435 /* AppDelegate.swift */ = {isa = PBXFileReference; lastKnownFileType = sourcecode.swift; path = AppDelegate.swift; sourceTree = "<group>"; };
		4FFDE3551DBB954200CC0435 /* Base */ = {isa = PBXFileReference; lastKnownFileType = file.storyboard; name = Base; path = Base.lproj/Main.storyboard; sourceTree = "<group>"; };
		4FFDE3571DBB954200CC0435 /* Assets.xcassets */ = {isa = PBXFileReference; lastKnownFileType = folder.assetcatalog; path = Assets.xcassets; sourceTree = "<group>"; };
		4FFDE3591DBB954200CC0435 /* Info.plist */ = {isa = PBXFileReference; lastKnownFileType = text.plist.xml; path = Info.plist; sourceTree = "<group>"; };
/* End PBXFileReference section */

/* Begin PBXFrameworksBuildPhase section */
		4FFDE3481DBB954100CC0435 /* Frameworks */ = {
			isa = PBXFrameworksBuildPhase;
			buildActionMask = 2147483647;
			files = (
			);
			runOnlyForDeploymentPostprocessing = 0;
		};
/* End PBXFrameworksBuildPhase section */

/* Begin PBXGroup section */
		4FFDE3421DBB954100CC0435 = {
			isa = PBXGroup;
			children = (
				4FFDE34D1DBB954200CC0435 /* newfoto */,
				4FFDE34C1DBB954200CC0435 /* Products */,
				4F94ADFC1DF0CBBA00DA3104 /* LICENSE */,
				4F94ADFE1DF0CBC200DA3104 /* README.md */,
			);
			sourceTree = "<group>";
		};
		4FFDE34C1DBB954200CC0435 /* Products */ = {
			isa = PBXGroup;
			children = (
				4FFDE34B1DBB954200CC0435 /* newfoto.app */,
			);
			name = Products;
			sourceTree = "<group>";
		};
		4FFDE34D1DBB954200CC0435 /* newfoto */ = {
			isa = PBXGroup;
			children = (
				4FD22DC01DCFC19B000AF38A /* CollectionViewController.swift */,
				4FFDE34E1DBB954200CC0435 /* AppDelegate.swift */,
				4FFDE3541DBB954200CC0435 /* Main.storyboard */,
				4F4C081F1DE9EF10001C6969 /* Media.xcassets */,
				4FFDE3571DBB954200CC0435 /* Assets.xcassets */,
				4FFDE3591DBB954200CC0435 /* Info.plist */,
				4F578F2C1DD7A61500252331 /* OverviewCell.swift */,
				4FF09F2D1DDCCF6500B84A41 /* DetailController.swift */,
				4FA1D3471DE1E84200C60391 /* SettingsController.swift */,
			);
			path = newfoto;
			sourceTree = "<group>";
		};
/* End PBXGroup section */

/* Begin PBXNativeTarget section */
		4FFDE34A1DBB954100CC0435 /* newfoto */ = {
			isa = PBXNativeTarget;
			buildConfigurationList = 4FFDE35C1DBB954200CC0435 /* Build configuration list for PBXNativeTarget "newfoto" */;
			buildPhases = (
				4FFDE3471DBB954100CC0435 /* Sources */,
				4FFDE3481DBB954100CC0435 /* Frameworks */,
				4FFDE3491DBB954100CC0435 /* Resources */,
			);
			buildRules = (
			);
			dependencies = (
			);
			name = newfoto;
			productName = newfoto;
			productReference = 4FFDE34B1DBB954200CC0435 /* newfoto.app */;
			productType = "com.apple.product-type.application";
		};
/* End PBXNativeTarget section */

/* Begin PBXProject section */
		4FFDE3431DBB954100CC0435 /* Project object */ = {
			isa = PBXProject;
			attributes = {
				LastSwiftUpdateCheck = 0800;
				LastUpgradeCheck = 0810;
				ORGANIZATIONNAME = "Thomas Alexnat";
				TargetAttributes = {
					4FFDE34A1DBB954100CC0435 = {
						CreatedOnToolsVersion = 8.0;
						ProvisioningStyle = Automatic;
					};
				};
			};
			buildConfigurationList = 4FFDE3461DBB954100CC0435 /* Build configuration list for PBXProject "newfoto" */;
			compatibilityVersion = "Xcode 8.0";
			developmentRegion = English;
			hasScannedForEncodings = 0;
			knownRegions = (
				en,
				Base,
			);
			mainGroup = 4FFDE3421DBB954100CC0435;
			productRefGroup = 4FFDE34C1DBB954200CC0435 /* Products */;
			projectDirPath = "";
			projectRoot = "";
			targets = (
				4FFDE34A1DBB954100CC0435 /* newfoto */,
			);
		};
/* End PBXProject section */

/* Begin PBXResourcesBuildPhase section */
		4FFDE3491DBB954100CC0435 /* Resources */ = {
			isa = PBXResourcesBuildPhase;
			buildActionMask = 2147483647;
			files = (
				4FFDE3581DBB954200CC0435 /* Assets.xcassets in Resources */,
				4F4C08201DE9EF10001C6969 /* Media.xcassets in Resources */,
				4F94ADFD1DF0CBBA00DA3104 /* LICENSE in Resources */,
				4FFDE3561DBB954200CC0435 /* Main.storyboard in Resources */,
			);
			runOnlyForDeploymentPostprocessing = 0;
		};
/* End PBXResourcesBuildPhase section */

/* Begin PBXSourcesBuildPhase section */
		4FFDE3471DBB954100CC0435 /* Sources */ = {
			isa = PBXSourcesBuildPhase;
			buildActionMask = 2147483647;
			files = (
				4F94ADFF1DF0CBC200DA3104 /* README.md in Sources */,
				4F578F2D1DD7A61500252331 /* OverviewCell.swift in Sources */,
				4FA1D3481DE1E84200C60391 /* SettingsController.swift in Sources */,
				4FF09F2E1DDCCF6500B84A41 /* DetailController.swift in Sources */,
				4FD22DC11DCFC19B000AF38A /* CollectionViewController.swift in Sources */,
				4FFDE34F1DBB954200CC0435 /* AppDelegate.swift in Sources */,
			);
			runOnlyForDeploymentPostprocessing = 0;
		};
/* End PBXSourcesBuildPhase section */

/* Begin PBXVariantGroup section */
		4FFDE3541DBB954200CC0435 /* Main.storyboard */ = {
			isa = PBXVariantGroup;
			children = (
				4FFDE3551DBB954200CC0435 /* Base */,
			);
			name = Main.storyboard;
			sourceTree = "<group>";
		};
/* End PBXVariantGroup section */

/* Begin XCBuildConfiguration section */
		4FFDE35A1DBB954200CC0435 /* Debug */ = {
			isa = XCBuildConfiguration;
			buildSettings = {
				ALWAYS_SEARCH_USER_PATHS = NO;
				CLANG_ANALYZER_NONNULL = YES;
				CLANG_CXX_LANGUAGE_STANDARD = "gnu++0x";
				CLANG_CXX_LIBRARY = "libc++";
				CLANG_ENABLE_MODULES = YES;
				CLANG_ENABLE_OBJC_ARC = YES;
				CLANG_WARN_BOOL_CONVERSION = YES;
				CLANG_WARN_CONSTANT_CONVERSION = YES;
				CLANG_WARN_DIRECT_OBJC_ISA_USAGE = YES_ERROR;
				CLANG_WARN_DOCUMENTATION_COMMENTS = YES;
				CLANG_WARN_EMPTY_BODY = YES;
				CLANG_WARN_ENUM_CONVERSION = YES;
				CLANG_WARN_INFINITE_RECURSION = YES;
				CLANG_WARN_INT_CONVERSION = YES;
				CLANG_WARN_OBJC_ROOT_CLASS = YES_ERROR;
				CLANG_WARN_SUSPICIOUS_MOVE = YES;
				CLANG_WARN_SUSPICIOUS_MOVES = YES;
				CLANG_WARN_UNREACHABLE_CODE = YES;
				CLANG_WARN__DUPLICATE_METHOD_MATCH = YES;
				COPY_PHASE_STRIP = NO;
				DEBUG_INFORMATION_FORMAT = dwarf;
				ENABLE_STRICT_OBJC_MSGSEND = YES;
				ENABLE_TESTABILITY = YES;
				GCC_C_LANGUAGE_STANDARD = gnu99;
				GCC_DYNAMIC_NO_PIC = NO;
				GCC_NO_COMMON_BLOCKS = YES;
				GCC_OPTIMIZATION_LEVEL = 0;
				GCC_PREPROCESSOR_DEFINITIONS = (
					"DEBUG=1",
					"$(inherited)",
				);
				GCC_WARN_64_TO_32_BIT_CONVERSION = YES;
				GCC_WARN_ABOUT_RETURN_TYPE = YES_ERROR;
				GCC_WARN_UNDECLARED_SELECTOR = YES;
				GCC_WARN_UNINITIALIZED_AUTOS = YES_AGGRESSIVE;
				GCC_WARN_UNUSED_FUNCTION = YES;
				GCC_WARN_UNUSED_VARIABLE = YES;
				MTL_ENABLE_DEBUG_INFO = YES;
				ONLY_ACTIVE_ARCH = YES;
				SDKROOT = appletvos;
				SWIFT_ACTIVE_COMPILATION_CONDITIONS = DEBUG;
				SWIFT_OPTIMIZATION_LEVEL = "-Onone";
				TARGETED_DEVICE_FAMILY = 3;
				TVOS_DEPLOYMENT_TARGET = 10.0;
			};
			name = Debug;
		};
		4FFDE35B1DBB954200CC0435 /* Release */ = {
			isa = XCBuildConfiguration;
			buildSettings = {
				ALWAYS_SEARCH_USER_PATHS = NO;
				CLANG_ANALYZER_NONNULL = YES;
				CLANG_CXX_LANGUAGE_STANDARD = "gnu++0x";
				CLANG_CXX_LIBRARY = "libc++";
				CLANG_ENABLE_MODULES = YES;
				CLANG_ENABLE_OBJC_ARC = YES;
				CLANG_WARN_BOOL_CONVERSION = YES;
				CLANG_WARN_CONSTANT_CONVERSION = YES;
				CLANG_WARN_DIRECT_OBJC_ISA_USAGE = YES_ERROR;
				CLANG_WARN_DOCUMENTATION_COMMENTS = YES;
				CLANG_WARN_EMPTY_BODY = YES;
				CLANG_WARN_ENUM_CONVERSION = YES;
				CLANG_WARN_INFINITE_RECURSION = YES;
				CLANG_WARN_INT_CONVERSION = YES;
				CLANG_WARN_OBJC_ROOT_CLASS = YES_ERROR;
				CLANG_WARN_SUSPICIOUS_MOVE = YES;
				CLANG_WARN_SUSPICIOUS_MOVES = YES;
				CLANG_WARN_UNREACHABLE_CODE = YES;
				CLANG_WARN__DUPLICATE_METHOD_MATCH = YES;
				COPY_PHASE_STRIP = NO;
				DEBUG_INFORMATION_FORMAT = "dwarf-with-dsym";
				ENABLE_NS_ASSERTIONS = NO;
				ENABLE_STRICT_OBJC_MSGSEND = YES;
				GCC_C_LANGUAGE_STANDARD = gnu99;
				GCC_NO_COMMON_BLOCKS = YES;
				GCC_WARN_64_TO_32_BIT_CONVERSION = YES;
				GCC_WARN_ABOUT_RETURN_TYPE = YES_ERROR;
				GCC_WARN_UNDECLARED_SELECTOR = YES;
				GCC_WARN_UNINITIALIZED_AUTOS = YES_AGGRESSIVE;
				GCC_WARN_UNUSED_FUNCTION = YES;
				GCC_WARN_UNUSED_VARIABLE = YES;
				MTL_ENABLE_DEBUG_INFO = NO;
				SDKROOT = appletvos;
				SWIFT_OPTIMIZATION_LEVEL = "-Owholemodule";
				TARGETED_DEVICE_FAMILY = 3;
				TVOS_DEPLOYMENT_TARGET = 10.0;
				VALIDATE_PRODUCT = YES;
			};
			name = Release;
		};
		4FFDE35D1DBB954200CC0435 /* Debug */ = {
			isa = XCBuildConfiguration;
			buildSettings = {
				ASSETCATALOG_COMPILER_APPICON_NAME = "App Icon & Top Shelf Image";
				ASSETCATALOG_COMPILER_LAUNCHIMAGE_NAME = LaunchImage;
				DEVELOPMENT_TEAM = H66RQHXQ44;
				INFOPLIST_FILE = newfoto/Info.plist;
				LD_RUNPATH_SEARCH_PATHS = "$(inherited) @executable_path/Frameworks";
				PRODUCT_BUNDLE_IDENTIFIER = tax.newfoto;
				PRODUCT_NAME = "$(TARGET_NAME)";
				SWIFT_VERSION = 3.0;
				TVOS_DEPLOYMENT_TARGET = 10.0;
			};
			name = Debug;
		};
		4FFDE35E1DBB954200CC0435 /* Release */ = {
			isa = XCBuildConfiguration;
			buildSettings = {
				ASSETCATALOG_COMPILER_APPICON_NAME = "App Icon & Top Shelf Image";
				ASSETCATALOG_COMPILER_LAUNCHIMAGE_NAME = LaunchImage;
				DEVELOPMENT_TEAM = H66RQHXQ44;
				INFOPLIST_FILE = newfoto/Info.plist;
				LD_RUNPATH_SEARCH_PATHS = "$(inherited) @executable_path/Frameworks";
				PRODUCT_BUNDLE_IDENTIFIER = tax.newfoto;
				PRODUCT_NAME = "$(TARGET_NAME)";
				SWIFT_VERSION = 3.0;
				TVOS_DEPLOYMENT_TARGET = 10.0;
			};
			name = Release;
		};
/* End XCBuildConfiguration section */

/* Begin XCConfigurationList section */
		4FFDE3461DBB954100CC0435 /* Build configuration list for PBXProject "newfoto" */ = {
			isa = XCConfigurationList;
			buildConfigurations = (
				4FFDE35A1DBB954200CC0435 /* Debug */,
				4FFDE35B1DBB954200CC0435 /* Release */,
			);
			defaultConfigurationIsVisible = 0;
			defaultConfigurationName = Release;
		};
		4FFDE35C1DBB954200CC0435 /* Build configuration list for PBXNativeTarget "newfoto" */ = {
			isa = XCConfigurationList;
			buildConfigurations = (
				4FFDE35D1DBB954200CC0435 /* Debug */,
				4FFDE35E1DBB954200CC0435 /* Release */,
			);
			defaultConfigurationIsVisible = 0;
			defaultConfigurationName = Release;
		};
/* End XCConfigurationList section */
	};
	rootObject = 4FFDE3431DBB954100CC0435 /* Project object */;
}
